
Microsoft Visual Studio Solution File, Format Version 12.00
# Visual Studio Version 16
VisualStudioVersion = 16.0.30002.166
MinimumVisualStudioVersion = 10.0.40219.1
Project("{FAE04EC0-301F-11D3-BF4B-00C04F79EFBC}") = "StocksFM", "StocksFM.csproj", "{0A659574-85C2-420B-99DB-0625B70EA5C1}"
EndProject
Global
	GlobalSection(SolutionConfigurationPlatforms) = preSolution
		Debug|Any CPU = Debug|Any CPU
		Release|Any CPU = Release|Any CPU
	EndGlobalSection
	GlobalSection(ProjectConfigurationPlatforms) = postSolution
		{0A659574-85C2-420B-99DB-0625B70EA5C1}.Debug|Any CPU.ActiveCfg = Debug|Any CPU
		{0A659574-85C2-420B-99DB-0625B70EA5C1}.Debug|Any CPU.Build.0 = Debug|Any CPU
		{0A659574-85C2-420B-99DB-0625B70EA5C1}.Release|Any CPU.ActiveCfg = Release|Any CPU
		{0A659574-85C2-420B-99DB-0625B70EA5C1}.Release|Any CPU.Build.0 = Release|Any CPU
	EndGlobalSection
	GlobalSection(SolutionProperties) = preSolution
		HideSolutionNode = FALSE
	EndGlobalSection
	GlobalSection(ExtensibilityGlobals) = postSolution
		SolutionGuid = {EF1923D4-D223-4A2C-9F16-D03625E60DB0}
	EndGlobalSection
EndGlobal
